{
    "name": "@wpazderski/wallets-types",
    "version": "1.0.0",
    "lockfileVersion": 1,
    "requires": true,
    "dependencies": {
        "@wpazderski/kvapi-types": {
            "version": "1.0.0",
            "resolved": "https://registry.npmjs.org/@wpazderski/kvapi-types/-/kvapi-types-1.0.0.tgz",
            "integrity": "sha512-T+A0l0oTivrvX5bQ06Bpnc7DrIGm1aLUQGLz3eV3iXL2H7gJNiDAQAw2p+uVTfkMZqvLrXFcIbvtM8Z3gNvd5Q=="
        }
    }
}
